
Microsoft Visual Studio Solution File, Format Version 12.00
# Visual Studio Version 16
VisualStudioVersion = 16.0.29424.173
MinimumVisualStudioVersion = 10.0.40219.1
Project("{FAE04EC0-301F-11D3-BF4B-00C04F79EFBC}") = "Stonk", "Stonk\Stonk.csproj", "{AD4D6DEC-DF27-4E9A-B473-9BC7CDB4215C}"
EndProject
Global
	GlobalSection(SolutionConfigurationPlatforms) = preSolution
		Debug|Any CPU = Debug|Any CPU
		Release|Any CPU = Release|Any CPU
	EndGlobalSection
	GlobalSection(ProjectConfigurationPlatforms) = postSolution
		{AD4D6DEC-DF27-4E9A-B473-9BC7CDB4215C}.Debug|Any CPU.ActiveCfg = Debug|Any CPU
		{AD4D6DEC-DF27-4E9A-B473-9BC7CDB4215C}.Debug|Any CPU.Build.0 = Debug|Any CPU
		{AD4D6DEC-DF27-4E9A-B473-9BC7CDB4215C}.Release|Any CPU.ActiveCfg = Release|Any CPU
		{AD4D6DEC-DF27-4E9A-B473-9BC7CDB4215C}.Release|Any CPU.Build.0 = Release|Any CPU
	EndGlobalSection
	GlobalSection(SolutionProperties) = preSolution
		HideSolutionNode = FALSE
	EndGlobalSection
	GlobalSection(ExtensibilityGlobals) = postSolution
		SolutionGuid = {31666FC6-3477-47E5-B0AA-02F662B75778}
	EndGlobalSection
EndGlobal
